// !$*UTF8*$!
{
	archiveVersion = 1;
	classes = {
	};
	objectVersion = 50;
	objects = {

/* Begin PBXBuildFile section */
		A3F4BDB024CD3FC30094415F /* AppDelegate.swift in Sources */ = {isa = PBXBuildFile; fileRef = A3F4BDAF24CD3FC30094415F /* AppDelegate.swift */; };
		A3F4BDB224CD3FC30094415F /* SceneDelegate.swift in Sources */ = {isa = PBXBuildFile; fileRef = A3F4BDB124CD3FC30094415F /* SceneDelegate.swift */; };
		A3F4BDB424CD3FC30094415F /* ViewController.swift in Sources */ = {isa = PBXBuildFile; fileRef = A3F4BDB324CD3FC30094415F /* ViewController.swift */; };
		A3F4BDB724CD3FC30094415F /* Main.storyboard in Resources */ = {isa = PBXBuildFile; fileRef = A3F4BDB524CD3FC30094415F /* Main.storyboard */; };
		A3F4BDB924CD3FC40094415F /* Assets.xcassets in Resources */ = {isa = PBXBuildFile; fileRef = A3F4BDB824CD3FC40094415F /* Assets.xcassets */; };
		A3F4BDBC24CD3FC40094415F /* LaunchScreen.storyboard in Resources */ = {isa = PBXBuildFile; fileRef = A3F4BDBA24CD3FC40094415F /* LaunchScreen.storyboard */; };
/* End PBXBuildFile section */

/* Begin PBXFileReference section */
		A3F4BDAC24CD3FC30094415F /* IOSflipCardAnimation.app */ = {isa = PBXFileReference; explicitFileType = wrapper.application; includeInIndex = 0; path = IOSflipCardAnimation.app; sourceTree = BUILT_PRODUCTS_DIR; };
		A3F4BDAF24CD3FC30094415F /* AppDelegate.swift */ = {isa = PBXFileReference; lastKnownFileType = sourcecode.swift; path = AppDelegate.swift; sourceTree = "<group>"; };
		A3F4BDB124CD3FC30094415F /* SceneDelegate.swift */ = {isa = PBXFileReference; lastKnownFileType = sourcecode.swift; path = SceneDelegate.swift; sourceTree = "<group>"; };
		A3F4BDB324CD3FC30094415F /* ViewController.swift */ = {isa = PBXFileReference; lastKnownFileType = sourcecode.swift; path = ViewController.swift; sourceTree = "<group>"; };
		A3F4BDB624CD3FC30094415F /* Base */ = {isa = PBXFileReference; lastKnownFileType = file.storyboard; name = Base; path = Base.lproj/Main.storyboard; sourceTree = "<group>"; };
		A3F4BDB824CD3FC40094415F /* Assets.xcassets */ = {isa = PBXFileReference; lastKnownFileType = folder.assetcatalog; path = Assets.xcassets; sourceTree = "<group>"; };
		A3F4BDBB24CD3FC40094415F /* Base */ = {isa = PBXFileReference; lastKnownFileType = file.storyboard; name = Base; path = Base.lproj/LaunchScreen.storyboard; sourceTree = "<group>"; };
		A3F4BDBD24CD3FC40094415F /* Info.plist */ = {isa = PBXFileReference; lastKnownFileType = text.plist.xml; path = Info.plist; sourceTree = "<group>"; };
/* End PBXFileReference section */

/* Begin PBXFrameworksBuildPhase section */
		A3F4BDA924CD3FC30094415F /* Frameworks */ = {
			isa = PBXFrameworksBuildPhase;
			buildActionMask = 2147483647;
			files = (
			);
			runOnlyForDeploymentPostprocessing = 0;
		};
/* End PBXFrameworksBuildPhase section */

/* Begin PBXGroup section */
		A3F4BDA324CD3FC30094415F = {
			isa = PBXGroup;
			children = (
				A3F4BDAE24CD3FC30094415F /* IOSflipCardAnimation */,
				A3F4BDAD24CD3FC30094415F /* Products */,
			);
			sourceTree = "<group>";
		};
		A3F4BDAD24CD3FC30094415F /* Products */ = {
			isa = PBXGroup;
			children = (
				A3F4BDAC24CD3FC30094415F /* IOSflipCardAnimation.app */,
			);
			name = Products;
			sourceTree = "<group>";
		};
		A3F4BDAE24CD3FC30094415F /* IOSflipCardAnimation */ = {
			isa = PBXGroup;
			children = (
				A3F4BDAF24CD3FC30094415F /* AppDelegate.swift */,
				A3F4BDB124CD3FC30094415F /* SceneDelegate.swift */,
				A3F4BDB324CD3FC30094415F /* ViewController.swift */,
				A3F4BDB524CD3FC30094415F /* Main.storyboard */,
				A3F4BDB824CD3FC40094415F /* Assets.xcassets */,
				A3F4BDBA24CD3FC40094415F /* LaunchScreen.storyboard */,
				A3F4BDBD24CD3FC40094415F /* Info.plist */,
			);
			path = IOSflipCardAnimation;
			sourceTree = "<group>";
		};
/* End PBXGroup section */

/* Begin PBXNativeTarget section */
		A3F4BDAB24CD3FC30094415F /* IOSflipCardAnimation */ = {
			isa = PBXNativeTarget;
			buildConfigurationList = A3F4BDC024CD3FC40094415F /* Build configuration list for PBXNativeTarget "IOSflipCardAnimation" */;
			buildPhases = (
				A3F4BDA824CD3FC30094415F /* Sources */,
				A3F4BDA924CD3FC30094415F /* Frameworks */,
				A3F4BDAA24CD3FC30094415F /* Resources */,
			);
			buildRules = (
			);
			dependencies = (
			);
			name = IOSflipCardAnimation;
			productName = IOSflipCardAnimation;
			productReference = A3F4BDAC24CD3FC30094415F /* IOSflipCardAnimation.app */;
			productType = "com.apple.product-type.application";
		};
/* End PBXNativeTarget section */

/* Begin PBXProject section */
		A3F4BDA424CD3FC30094415F /* Project object */ = {
			isa = PBXProject;
			attributes = {
				LastSwiftUpdateCheck = 1150;
				LastUpgradeCheck = 1150;
				ORGANIZATIONNAME = kakao;
				TargetAttributes = {
					A3F4BDAB24CD3FC30094415F = {
						CreatedOnToolsVersion = 11.5;
					};
				};
			};
			buildConfigurationList = A3F4BDA724CD3FC30094415F /* Build configuration list for PBXProject "IOSflipCardAnimation" */;
			compatibilityVersion = "Xcode 9.3";
			developmentRegion = en;
			hasScannedForEncodings = 0;
			knownRegions = (
				en,
				Base,
			);
			mainGroup = A3F4BDA324CD3FC30094415F;
			productRefGroup = A3F4BDAD24CD3FC30094415F /* Products */;
			projectDirPath = "";
			projectRoot = "";
			targets = (
				A3F4BDAB24CD3FC30094415F /* IOSflipCardAnimation */,
			);
		};
/* End PBXProject section */

/* Begin PBXResourcesBuildPhase section */
		A3F4BDAA24CD3FC30094415F /* Resources */ = {
			isa = PBXResourcesBuildPhase;
			buildActionMask = 2147483647;
			files = (
				A3F4BDBC24CD3FC40094415F /* LaunchScreen.storyboard in Resources */,
				A3F4BDB924CD3FC40094415F /* Assets.xcassets in Resources */,
				A3F4BDB724CD3FC30094415F /* Main.storyboard in Resources */,
			);
			runOnlyForDeploymentPostprocessing = 0;
		};
/* End PBXResourcesBuildPhase section */

/* Begin PBXSourcesBuildPhase section */
		A3F4BDA824CD3FC30094415F /* Sources */ = {
			isa = PBXSourcesBuildPhase;
			buildActionMask = 2147483647;
			files = (
				A3F4BDB424CD3FC30094415F /* ViewController.swift in Sources */,
				A3F4BDB024CD3FC30094415F /* AppDelegate.swift in Sources */,
				A3F4BDB224CD3FC30094415F /* SceneDelegate.swift in Sources */,
			);
			runOnlyForDeploymentPostprocessing = 0;
		};
/* End PBXSourcesBuildPhase section */

/* Begin PBXVariantGroup section */
		A3F4BDB524CD3FC30094415F /* Main.storyboard */ = {
			isa = PBXVariantGroup;
			children = (
				A3F4BDB624CD3FC30094415F /* Base */,
			);
			name = Main.storyboard;
			sourceTree = "<group>";
		};
		A3F4BDBA24CD3FC40094415F /* LaunchScreen.storyboard */ = {
			isa = PBXVariantGroup;
			children = (
				A3F4BDBB24CD3FC40094415F /* Base */,
			);
			name = LaunchScreen.storyboard;
			sourceTree = "<group>";
		};
/* End PBXVariantGroup section */

/* Begin XCBuildConfiguration section */
		A3F4BDBE24CD3FC40094415F /* Debug */ = {
			isa = XCBuildConfiguration;
			buildSettings = {
				ALWAYS_SEARCH_USER_PATHS = NO;
				CLANG_ANALYZER_NONNULL = YES;
				CLANG_ANALYZER_NUMBER_OBJECT_CONVERSION = YES_AGGRESSIVE;
				CLANG_CXX_LANGUAGE_STANDARD = "gnu++14";
				CLANG_CXX_LIBRARY = "libc++";
				CLANG_ENABLE_MODULES = YES;
				CLANG_ENABLE_OBJC_ARC = YES;
				CLANG_ENABLE_OBJC_WEAK = YES;
				CLANG_WARN_BLOCK_CAPTURE_AUTORELEASING = YES;
				CLANG_WARN_BOOL_CONVERSION = YES;
				CLANG_WARN_COMMA = YES;
				CLANG_WARN_CONSTANT_CONVERSION = YES;
				CLANG_WARN_DEPRECATED_OBJC_IMPLEMENTATIONS = YES;
				CLANG_WARN_DIRECT_OBJC_ISA_USAGE = YES_ERROR;
				CLANG_WARN_DOCUMENTATION_COMMENTS = YES;
				CLANG_WARN_EMPTY_BODY = YES;
				CLANG_WARN_ENUM_CONVERSION = YES;
				CLANG_WARN_INFINITE_RECURSION = YES;
				CLANG_WARN_INT_CONVERSION = YES;
				CLANG_WARN_NON_LITERAL_NULL_CONVERSION = YES;
				CLANG_WARN_OBJC_IMPLICIT_RETAIN_SELF = YES;
				CLANG_WARN_OBJC_LITERAL_CONVERSION = YES;
				CLANG_WARN_OBJC_ROOT_CLASS = YES_ERROR;
				CLANG_WARN_RANGE_LOOP_ANALYSIS = YES;
				CLANG_WARN_STRICT_PROTOTYPES = YES;
				CLANG_WARN_SUSPICIOUS_MOVE = YES;
				CLANG_WARN_UNGUARDED_AVAILABILITY = YES_AGGRESSIVE;
				CLANG_WARN_UNREACHABLE_CODE = YES;
				CLANG_WARN__DUPLICATE_METHOD_MATCH = YES;
				COPY_PHASE_STRIP = NO;
				DEBUG_INFORMATION_FORMAT = dwarf;
				ENABLE_STRICT_OBJC_MSGSEND = YES;
				ENABLE_TESTABILITY = YES;
				GCC_C_LANGUAGE_STANDARD = gnu11;
				GCC_DYNAMIC_NO_PIC = NO;
				GCC_NO_COMMON_BLOCKS = YES;
				GCC_OPTIMIZATION_LEVEL = 0;
				GCC_PREPROCESSOR_DEFINITIONS = (
					"DEBUG=1",
					"$(inherited)",
				);
				GCC_WARN_64_TO_32_BIT_CONVERSION = YES;
				GCC_WARN_ABOUT_RETURN_TYPE = YES_ERROR;
				GCC_WARN_UNDECLARED_SELECTOR = YES;
				GCC_WARN_UNINITIALIZED_AUTOS = YES_AGGRESSIVE;
				GCC_WARN_UNUSED_FUNCTION = YES;
				GCC_WARN_UNUSED_VARIABLE = YES;
				IPHONEOS_DEPLOYMENT_TARGET = 13.5;
				MTL_ENABLE_DEBUG_INFO = INCLUDE_SOURCE;
				MTL_FAST_MATH = YES;
				ONLY_ACTIVE_ARCH = YES;
				SDKROOT = iphoneos;
				SWIFT_ACTIVE_COMPILATION_CONDITIONS = DEBUG;
				SWIFT_OPTIMIZATION_LEVEL = "-Onone";
			};
			name = Debug;
		};
		A3F4BDBF24CD3FC40094415F /* Release */ = {
			isa = XCBuildConfiguration;
			buildSettings = {
				ALWAYS_SEARCH_USER_PATHS = NO;
				CLANG_ANALYZER_NONNULL = YES;
				CLANG_ANALYZER_NUMBER_OBJECT_CONVERSION = YES_AGGRESSIVE;
				CLANG_CXX_LANGUAGE_STANDARD = "gnu++14";
				CLANG_CXX_LIBRARY = "libc++";
				CLANG_ENABLE_MODULES = YES;
				CLANG_ENABLE_OBJC_ARC = YES;
				CLANG_ENABLE_OBJC_WEAK = YES;
				CLANG_WARN_BLOCK_CAPTURE_AUTORELEASING = YES;
				CLANG_WARN_BOOL_CONVERSION = YES;
				CLANG_WARN_COMMA = YES;
				CLANG_WARN_CONSTANT_CONVERSION = YES;
				CLANG_WARN_DEPRECATED_OBJC_IMPLEMENTATIONS = YES;
				CLANG_WARN_DIRECT_OBJC_ISA_USAGE = YES_ERROR;
				CLANG_WARN_DOCUMENTATION_COMMENTS = YES;
				CLANG_WARN_EMPTY_BODY = YES;
				CLANG_WARN_ENUM_CONVERSION = YES;
				CLANG_WARN_INFINITE_RECURSION = YES;
				CLANG_WARN_INT_CONVERSION = YES;
				CLANG_WARN_NON_LITERAL_NULL_CONVERSION = YES;
				CLANG_WARN_OBJC_IMPLICIT_RETAIN_SELF = YES;
				CLANG_WARN_OBJC_LITERAL_CONVERSION = YES;
				CLANG_WARN_OBJC_ROOT_CLASS = YES_ERROR;
				CLANG_WARN_RANGE_LOOP_ANALYSIS = YES;
				CLANG_WARN_STRICT_PROTOTYPES = YES;
				CLANG_WARN_SUSPICIOUS_MOVE = YES;
				CLANG_WARN_UNGUARDED_AVAILABILITY = YES_AGGRESSIVE;
				CLANG_WARN_UNREACHABLE_CODE = YES;
				CLANG_WARN__DUPLICATE_METHOD_MATCH = YES;
				COPY_PHASE_STRIP = NO;
				DEBUG_INFORMATION_FORMAT = "dwarf-with-dsym";
				ENABLE_NS_ASSERTIONS = NO;
				ENABLE_STRICT_OBJC_MSGSEND = YES;
				GCC_C_LANGUAGE_STANDARD = gnu11;
				GCC_NO_COMMON_BLOCKS = YES;
				GCC_WARN_64_TO_32_BIT_CONVERSION = YES;
				GCC_WARN_ABOUT_RETURN_TYPE = YES_ERROR;
				GCC_WARN_UNDECLARED_SELECTOR = YES;
				GCC_WARN_UNINITIALIZED_AUTOS = YES_AGGRESSIVE;
				GCC_WARN_UNUSED_FUNCTION = YES;
				GCC_WARN_UNUSED_VARIABLE = YES;
				IPHONEOS_DEPLOYMENT_TARGET = 13.5;
				MTL_ENABLE_DEBUG_INFO = NO;
				MTL_FAST_MATH = YES;
				SDKROOT = iphoneos;
				SWIFT_COMPILATION_MODE = wholemodule;
				SWIFT_OPTIMIZATION_LEVEL = "-O";
				VALIDATE_PRODUCT = YES;
			};
			name = Release;
		};
		A3F4BDC124CD3FC40094415F /* Debug */ = {
			isa = XCBuildConfiguration;
			buildSettings = {
				ASSETCATALOG_COMPILER_APPICON_NAME = AppIcon;
				CODE_SIGN_STYLE = Automatic;
				DEVELOPMENT_TEAM = K5XPX6W5MN;
				INFOPLIST_FILE = IOSflipCardAnimation/Info.plist;
				LD_RUNPATH_SEARCH_PATHS = (
					"$(inherited)",
					"@executable_path/Frameworks",
				);
				PRODUCT_BUNDLE_IDENTIFIER = com.IOSflipCardAnimation;
				PRODUCT_NAME = "$(TARGET_NAME)";
				SWIFT_VERSION = 5.0;
				TARGETED_DEVICE_FAMILY = "1,2";
			};
			name = Debug;
		};
		A3F4BDC224CD3FC40094415F /* Release */ = {
			isa = XCBuildConfiguration;
			buildSettings = {
				ASSETCATALOG_COMPILER_APPICON_NAME = AppIcon;
				CODE_SIGN_STYLE = Automatic;
				DEVELOPMENT_TEAM = K5XPX6W5MN;
				INFOPLIST_FILE = IOSflipCardAnimation/Info.plist;
				LD_RUNPATH_SEARCH_PATHS = (
					"$(inherited)",
					"@executable_path/Frameworks",
				);
				PRODUCT_BUNDLE_IDENTIFIER = com.IOSflipCardAnimation;
				PRODUCT_NAME = "$(TARGET_NAME)";
				SWIFT_VERSION = 5.0;
				TARGETED_DEVICE_FAMILY = "1,2";
			};
			name = Release;
		};
/* End XCBuildConfiguration section */

/* Begin XCConfigurationList section */
		A3F4BDA724CD3FC30094415F /* Build configuration list for PBXProject "IOSflipCardAnimation" */ = {
			isa = XCConfigurationList;
			buildConfigurations = (
				A3F4BDBE24CD3FC40094415F /* Debug */,
				A3F4BDBF24CD3FC40094415F /* Release */,
			);
			defaultConfigurationIsVisible = 0;
			defaultConfigurationName = Release;
		};
		A3F4BDC024CD3FC40094415F /* Build configuration list for PBXNativeTarget "IOSflipCardAnimation" */ = {
			isa = XCConfigurationList;
			buildConfigurations = (
				A3F4BDC124CD3FC40094415F /* Debug */,
				A3F4BDC224CD3FC40094415F /* Release */,
			);
			defaultConfigurationIsVisible = 0;
			defaultConfigurationName = Release;
		};
/* End XCConfigurationList section */
	};
	rootObject = A3F4BDA424CD3FC30094415F /* Project object */;
}
